
Microsoft Visual Studio Solution File, Format Version 12.00
# Visual Studio Version 17
VisualStudioVersion = 17.4.33103.184
MinimumVisualStudioVersion = 10.0.40219.1
Project("{8BC9CEB8-8B4A-11D0-8D11-00A0C91BC942}") = "spaceshipDefend", "spaceshipDefend\spaceshipDefend.vcxproj", "{F973EF88-3414-46F2-B45A-97365096A1C8}"
EndProject
Global
	GlobalSection(SolutionConfigurationPlatforms) = preSolution
		Debug|x64 = Debug|x64
		Debug|x86 = Debug|x86
		Release|x64 = Release|x64
		Release|x86 = Release|x86
	EndGlobalSection
	GlobalSection(ProjectConfigurationPlatforms) = postSolution
		{F973EF88-3414-46F2-B45A-97365096A1C8}.Debug|x64.ActiveCfg = Debug|x64
		{F973EF88-3414-46F2-B45A-97365096A1C8}.Debug|x64.Build.0 = Debug|x64
		{F973EF88-3414-46F2-B45A-97365096A1C8}.Debug|x86.ActiveCfg = Debug|Win32
		{F973EF88-3414-46F2-B45A-97365096A1C8}.Debug|x86.Build.0 = Debug|Win32
		{F973EF88-3414-46F2-B45A-97365096A1C8}.Release|x64.ActiveCfg = Release|x64
		{F973EF88-3414-46F2-B45A-97365096A1C8}.Release|x64.Build.0 = Release|x64
		{F973EF88-3414-46F2-B45A-97365096A1C8}.Release|x86.ActiveCfg = Release|Win32
		{F973EF88-3414-46F2-B45A-97365096A1C8}.Release|x86.Build.0 = Release|Win32
	EndGlobalSection
	GlobalSection(SolutionProperties) = preSolution
		HideSolutionNode = FALSE
	EndGlobalSection
	GlobalSection(ExtensibilityGlobals) = postSolution
		SolutionGuid = {E3A65C40-1D70-4939-9C06-CFE7438E7D92}
	EndGlobalSection
EndGlobal
