<?xml version="1.0" encoding="utf-8"?>
<Project ToolsVersion="4.0" xmlns="http://schemas.microsoft.com/developer/msbuild/2003">
  <ItemGroup>
    <Filter Include="Source Files">
      <UniqueIdentifier>{4FC737F1-C7A5-4376-A066-2A32D752A2FF}</UniqueIdentifier>
      <Extensions>cpp;c;cc;cxx;c++;cppm;ixx;def;odl;idl;hpj;bat;asm;asmx</Extensions>
    </Filter>
    <Filter Include="Header Files">
      <UniqueIdentifier>{93995380-89BD-4b04-88EB-625FBE52EBFB}</UniqueIdentifier>
      <Extensions>h;hh;hpp;hxx;h++;hm;inl;inc;ipp;xsd</Extensions>
    </Filter>
    <Filter Include="Resource Files">
      <UniqueIdentifier>{67DA6AB6-F800-4c08-8B7A-83BB121AAD01}</UniqueIdentifier>
      <Extensions>rc;ico;cur;bmp;dlg;rc2;rct;bin;rgs;gif;jpg;jpeg;jpe;resx;tiff;tif;png;wav;mfcribbon-ms</Extensions>
    </Filter>
    <Filter Include="Source Files\effects">
      <UniqueIdentifier>{2ee4b354-5989-47fd-bfd7-4560f947421e}</UniqueIdentifier>
    </Filter>
    <Filter Include="Source Files\data_users">
      <UniqueIdentifier>{1c723070-22ff-468b-93bb-9dbd1cf9ce0e}</UniqueIdentifier>
    </Filter>
    <Filter Include="Source Files\testing_files">
      <UniqueIdentifier>{c6dc3d04-b062-4d44-9edb-539f5bf09a03}</UniqueIdentifier>
    </Filter>
    <Filter Include="Source Files\struct_and_enum _class">
      <UniqueIdentifier>{a6beddaa-3518-4b21-8894-ba4865a13713}</UniqueIdentifier>
    </Filter>
    <Filter Include="Source Files\dictionary_stickyNote">
      <UniqueIdentifier>{dd8c7c29-4cd1-4b0e-8337-d86e5a3f5d45}</UniqueIdentifier>
    </Filter>
    <Filter Include="Source Files\stage_chapter_1">
      <UniqueIdentifier>{968ccdc8-c52f-4c4d-a8fd-9ba92592c07c}</UniqueIdentifier>
    </Filter>
    <Filter Include="Source Files\stage_chapter_2">
      <UniqueIdentifier>{e31538d5-f959-411e-b9c4-25baa7352e5f}</UniqueIdentifier>
    </Filter>
    <Filter Include="Source Files\stage_chapter_game">
      <UniqueIdentifier>{a1fc8507-f4de-4e10-937a-7e7da41c832b}</UniqueIdentifier>
    </Filter>
    <Filter Include="Source Files\stage_chapter_end">
      <UniqueIdentifier>{3334767a-c684-4fde-81d1-5b1a14b078ef}</UniqueIdentifier>
    </Filter>
    <Filter Include="Source Files\login_and_choice">
      <UniqueIdentifier>{1f4aef7b-f585-4e18-b1b9-e1c61ce15c8f}</UniqueIdentifier>
    </Filter>
    <Filter Include="Header Files\class_h_file">
      <UniqueIdentifier>{7ddcaa59-1fea-4a29-a70a-7b126f586282}</UniqueIdentifier>
    </Filter>
    <Filter Include="Header Files\library_h_file">
      <UniqueIdentifier>{e3c4e73a-5064-4baa-88b4-2de0a4370c3b}</UniqueIdentifier>
    </Filter>
    <Filter Include="Source Files\class_file_cpp">
      <UniqueIdentifier>{27d49afe-3790-4f7a-b2c4-89478f02c9e8}</UniqueIdentifier>
    </Filter>
    <Filter Include="Source Files\stage_chapter_0">
      <UniqueIdentifier>{e29189b4-e993-464b-b9d6-842032596931}</UniqueIdentifier>
    </Filter>
    <Filter Include="Source Files\library_file_cpp">
      <UniqueIdentifier>{c19133c4-d90c-492d-acfd-18de67dbdde1}</UniqueIdentifier>
    </Filter>
    <Filter Include="Source Files\infomation_game">
      <UniqueIdentifier>{6b9a87af-bbeb-485f-a331-82ccd413b4ba}</UniqueIdentifier>
    </Filter>
  </ItemGroup>
  <ItemGroup>
    <ClCompile Include="Source.cpp">
      <Filter>Source Files</Filter>
    </ClCompile>
    <ClCompile Include="stage_chapter_1.cpp">
      <Filter>Source Files\stage_chapter_1</Filter>
    </ClCompile>
    <ClCompile Include="story_chapter_1.cpp">
      <Filter>Source Files\stage_chapter_1</Filter>
    </ClCompile>
    <ClCompile Include="story_chapter_2.cpp">
      <Filter>Source Files\stage_chapter_2</Filter>
    </ClCompile>
    <ClCompile Include="welcomeScreen.cpp">
      <Filter>Source Files\login_and_choice</Filter>
    </ClCompile>
    <ClCompile Include="stage_chapter_2.cpp">
      <Filter>Source Files\stage_chapter_2</Filter>
    </ClCompile>
    <ClCompile Include="loadingScreen.cpp">
      <Filter>Source Files\effects</Filter>
    </ClCompile>
    <ClCompile Include="loadingPlot.cpp">
      <Filter>Source Files\effects</Filter>
    </ClCompile>
    <ClCompile Include="stage_chapter_game.cpp">
      <Filter>Source Files\stage_chapter_game</Filter>
    </ClCompile>
    <ClCompile Include="listPlayers.cpp">
      <Filter>Source Files\data_users</Filter>
    </ClCompile>
    <ClCompile Include="scanDataPlayer.cpp">
      <Filter>Source Files\data_users</Filter>
    </ClCompile>
    <ClCompile Include="testing_files.cpp">
      <Filter>Source Files\testing_files</Filter>
    </ClCompile>
    <ClCompile Include="login_register.cpp">
      <Filter>Source Files\login_and_choice</Filter>
    </ClCompile>
    <ClCompile Include="dictionary.cpp">
      <Filter>Source Files\dictionary_stickyNote</Filter>
    </ClCompile>
    <ClCompile Include="Activities.cpp">
      <Filter>Source Files\struct_and_enum _class</Filter>
    </ClCompile>
    <ClCompile Include="struct.cpp">
      <Filter>Source Files\struct_and_enum _class</Filter>
    </ClCompile>
    <ClCompile Include="stickyNote.cpp">
      <Filter>Source Files\dictionary_stickyNote</Filter>
    </ClCompile>
    <ClCompile Include="endGame.cpp">
      <Filter>Source Files\stage_chapter_end</Filter>
    </ClCompile>
    <ClCompile Include="variable.h">
      <Filter>Header Files\library_h_file</Filter>
    </ClCompile>
    <ClCompile Include="Enemy.cpp">
      <Filter>Source Files\class_file_cpp</Filter>
    </ClCompile>
    <ClCompile Include="Player.cpp">
      <Filter>Source Files\class_file_cpp</Filter>
    </ClCompile>
    <ClCompile Include="effects.cpp">
      <Filter>Source Files\library_file_cpp</Filter>
    </ClCompile>
    <ClCompile Include="functions_control_console.cpp">
      <Filter>Source Files\library_file_cpp</Filter>
    </ClCompile>
    <ClCompile Include="functions_control_cursor_game.cpp">
      <Filter>Source Files\library_file_cpp</Filter>
    </ClCompile>
    <ClCompile Include="functions_control_object.cpp">
      <Filter>Source Files\library_file_cpp</Filter>
    </ClCompile>
    <ClCompile Include="variable.cpp">
      <Filter>Source Files\library_file_cpp</Filter>
    </ClCompile>
    <ClCompile Include="saveDataUsers.cpp">
      <Filter>Source Files\data_users</Filter>
    </ClCompile>
    <ClCompile Include="isSkipPlot.cpp">
      <Filter>Source Files\stage_chapter_0</Filter>
    </ClCompile>
    <ClCompile Include="about_me.cpp">
      <Filter>Source Files\infomation_game</Filter>
    </ClCompile>
    <ClCompile Include="info_about_game.cpp">
      <Filter>Source Files\infomation_game</Filter>
    </ClCompile>
  </ItemGroup>
  <ItemGroup>
    <ClInclude Include="Enemy.h">
      <Filter>Header Files\class_h_file</Filter>
    </ClInclude>
    <ClInclude Include="Player.h">
      <Filter>Header Files\class_h_file</Filter>
    </ClInclude>
    <ClInclude Include="effects.h">
      <Filter>Header Files\library_h_file</Filter>
    </ClInclude>
    <ClInclude Include="functions_control_console.h">
      <Filter>Header Files\library_h_file</Filter>
    </ClInclude>
    <ClInclude Include="functions_control_cursor_game.h">
      <Filter>Header Files\library_h_file</Filter>
    </ClInclude>
    <ClInclude Include="functions_control_object.h">
      <Filter>Header Files\library_h_file</Filter>
    </ClInclude>
  </ItemGroup>
  <ItemGroup>
    <Text Include="report.txt">
      <Filter>Source Files\dictionary_stickyNote</Filter>
    </Text>
  </ItemGroup>
</Project>