<?xml version="1.0" encoding="utf-8"?>
<Project ToolsVersion="4.0" xmlns="http://schemas.microsoft.com/developer/msbuild/2003">
  <ItemGroup>
    <Filter Include="Source Files">
      <UniqueIdentifier>{4FC737F1-C7A5-4376-A066-2A32D752A2FF}</UniqueIdentifier>
      <Extensions>cpp;c;cc;cxx;c++;cppm;ixx;def;odl;idl;hpj;bat;asm;asmx</Extensions>
    </Filter>
    <Filter Include="Header Files">
      <UniqueIdentifier>{93995380-89BD-4b04-88EB-625FBE52EBFB}</UniqueIdentifier>
      <Extensions>h;hh;hpp;hxx;h++;hm;inl;inc;ipp;xsd</Extensions>
    </Filter>
    <Filter Include="Resource Files">
      <UniqueIdentifier>{67DA6AB6-F800-4c08-8B7A-83BB121AAD01}</UniqueIdentifier>
      <Extensions>rc;ico;cur;bmp;dlg;rc2;rct;bin;rgs;gif;jpg;jpeg;jpe;resx;tiff;tif;png;wav;mfcribbon-ms</Extensions>
    </Filter>
    <Filter Include="Source Files\stage_chapter_1">
      <UniqueIdentifier>{968ccdc8-c52f-4c4d-a8fd-9ba92592c07c}</UniqueIdentifier>
    </Filter>
    <Filter Include="Source Files\Class">
      <UniqueIdentifier>{00e2070e-dbbf-4b6e-bd17-41dceeb38691}</UniqueIdentifier>
    </Filter>
    <Filter Include="Source Files\stage_chapter_2">
      <UniqueIdentifier>{e31538d5-f959-411e-b9c4-25baa7352e5f}</UniqueIdentifier>
    </Filter>
    <Filter Include="Source Files\login_and_choice">
      <UniqueIdentifier>{1f4aef7b-f585-4e18-b1b9-e1c61ce15c8f}</UniqueIdentifier>
    </Filter>
    <Filter Include="Source Files\effects">
      <UniqueIdentifier>{2ee4b354-5989-47fd-bfd7-4560f947421e}</UniqueIdentifier>
    </Filter>
    <Filter Include="Source Files\stage_chapter_game">
      <UniqueIdentifier>{a1fc8507-f4de-4e10-937a-7e7da41c832b}</UniqueIdentifier>
    </Filter>
    <Filter Include="Source Files\data_users">
      <UniqueIdentifier>{1c723070-22ff-468b-93bb-9dbd1cf9ce0e}</UniqueIdentifier>
    </Filter>
    <Filter Include="Source Files\testing_files">
      <UniqueIdentifier>{c6dc3d04-b062-4d44-9edb-539f5bf09a03}</UniqueIdentifier>
    </Filter>
  </ItemGroup>
  <ItemGroup>
    <ClCompile Include="Source.cpp">
      <Filter>Source Files</Filter>
    </ClCompile>
    <ClCompile Include="stickyNote.cpp">
      <Filter>Source Files</Filter>
    </ClCompile>
    <ClCompile Include="stage_chapter_1.cpp">
      <Filter>Source Files\stage_chapter_1</Filter>
    </ClCompile>
    <ClCompile Include="story_chapter_1.cpp">
      <Filter>Source Files\stage_chapter_1</Filter>
    </ClCompile>
    <ClCompile Include="Activities.cpp">
      <Filter>Source Files</Filter>
    </ClCompile>
    <ClCompile Include="endGame.cpp">
      <Filter>Source Files</Filter>
    </ClCompile>
    <ClCompile Include="random.cpp">
      <Filter>Source Files</Filter>
    </ClCompile>
    <ClCompile Include="Enemy.cpp">
      <Filter>Source Files\Class</Filter>
    </ClCompile>
    <ClCompile Include="Player.cpp">
      <Filter>Source Files\Class</Filter>
    </ClCompile>
    <ClCompile Include="functions_control_console.cpp">
      <Filter>Header Files</Filter>
    </ClCompile>
    <ClCompile Include="story_chapter_2.cpp">
      <Filter>Source Files\stage_chapter_2</Filter>
    </ClCompile>
    <ClCompile Include="struct.cpp">
      <Filter>Source Files</Filter>
    </ClCompile>
    <ClCompile Include="welcomeScreen.cpp">
      <Filter>Source Files\login_and_choice</Filter>
    </ClCompile>
    <ClCompile Include="info_about_game.cpp">
      <Filter>Source Files\login_and_choice</Filter>
    </ClCompile>
    <ClCompile Include="effects_text.cpp">
      <Filter>Header Files</Filter>
    </ClCompile>
    <ClCompile Include="about_me.cpp">
      <Filter>Source Files\login_and_choice</Filter>
    </ClCompile>
    <ClCompile Include="stage_chapter_2.cpp">
      <Filter>Source Files\stage_chapter_2</Filter>
    </ClCompile>
    <ClCompile Include="variable.h">
      <Filter>Header Files</Filter>
    </ClCompile>
    <ClCompile Include="variable.cpp">
      <Filter>Header Files</Filter>
    </ClCompile>
    <ClCompile Include="loadingScreen.cpp">
      <Filter>Source Files\effects</Filter>
    </ClCompile>
    <ClCompile Include="loadingPlot.cpp">
      <Filter>Source Files\effects</Filter>
    </ClCompile>
    <ClCompile Include="stage_chapter_game.cpp">
      <Filter>Source Files\stage_chapter_game</Filter>
    </ClCompile>
    <ClCompile Include="listPlayers.cpp">
      <Filter>Source Files\data_users</Filter>
    </ClCompile>
    <ClCompile Include="infoPlayer.cpp">
      <Filter>Source Files\data_users</Filter>
    </ClCompile>
    <ClCompile Include="testing_files.cpp">
      <Filter>Source Files\testing_files</Filter>
    </ClCompile>
    <ClCompile Include="functions_control_cursor_game.cpp">
      <Filter>Header Files</Filter>
    </ClCompile>
    <ClCompile Include="login_register.cpp">
      <Filter>Source Files\login_and_choice</Filter>
    </ClCompile>
    <ClCompile Include="saveDataUsers.cpp">
      <Filter>Source Files\login_and_choice</Filter>
    </ClCompile>
    <ClCompile Include="functions_control_object.cpp">
      <Filter>Header Files</Filter>
    </ClCompile>
  </ItemGroup>
  <ItemGroup>
    <ClInclude Include="functions_control_console.h">
      <Filter>Header Files</Filter>
    </ClInclude>
    <ClInclude Include="Enemy.h">
      <Filter>Source Files\Class</Filter>
    </ClInclude>
    <ClInclude Include="Player.h">
      <Filter>Source Files\Class</Filter>
    </ClInclude>
    <ClInclude Include="effects_text.h">
      <Filter>Header Files</Filter>
    </ClInclude>
    <ClInclude Include="functions_control_cursor_game.h">
      <Filter>Header Files</Filter>
    </ClInclude>
    <ClInclude Include="functions_control_object.h">
      <Filter>Header Files</Filter>
    </ClInclude>
  </ItemGroup>
</Project>